{
  "name": "billing-desk",
  "version": "0.0.1",
  "lockfileVersion": 2,
  "requires": true,
  "description": "A billing software",
  "icon": "../../assets/bill.png",
  "packages": {
    "": {
      "name": "billing-desk",
      "version": "0.0.4",
      "hasInstallScript": true,
      "license": "MIT"
    }
  }
}
